
Microsoft Visual Studio Solution File, Format Version 12.00
# Visual Studio Version 17
VisualStudioVersion = 17.8.34330.188
MinimumVisualStudioVersion = 10.0.40219.1
Project("{FAE04EC0-301F-11D3-BF4B-00C04F79EFBC}") = "Movie_Web", "Movie_Web\Movie_Web.csproj", "{D60530D1-D114-41D6-95AD-04672069DD4F}"
EndProject
Global
	GlobalSection(SolutionConfigurationPlatforms) = preSolution
		Debug|Any CPU = Debug|Any CPU
		Release|Any CPU = Release|Any CPU
	EndGlobalSection
	GlobalSection(ProjectConfigurationPlatforms) = postSolution
		{D60530D1-D114-41D6-95AD-04672069DD4F}.Debug|Any CPU.ActiveCfg = Debug|Any CPU
		{D60530D1-D114-41D6-95AD-04672069DD4F}.Debug|Any CPU.Build.0 = Debug|Any CPU
		{D60530D1-D114-41D6-95AD-04672069DD4F}.Release|Any CPU.ActiveCfg = Release|Any CPU
		{D60530D1-D114-41D6-95AD-04672069DD4F}.Release|Any CPU.Build.0 = Release|Any CPU
	EndGlobalSection
	GlobalSection(SolutionProperties) = preSolution
		HideSolutionNode = FALSE
	EndGlobalSection
	GlobalSection(ExtensibilityGlobals) = postSolution
		SolutionGuid = {BEEDF81A-93D8-431A-9713-B2C0972D7274}
	EndGlobalSection
EndGlobal
